{
    "name": "@do-it-s/easy-auth-js",
    "version": "0.1.0",
    "lockfileVersion": 3,
    "requires": true,
    "packages": {
        "": {
            "name": "@do-it-s/easy-auth-js",
            "version": "0.1.0",
            "dependencies": {
                "@laravel/passkeys": "^0.2.0"
            }
        },
        "node_modules/@laravel/passkeys": {
            "version": "0.2.0",
            "resolved": "https://registry.npmjs.org/@laravel/passkeys/-/passkeys-0.2.0.tgz",
            "integrity": "sha512-K+owv26weKrYaoTJutqU40UsJZpwYkqB9jdlz5Bv/C54nxj2+Py9jbVwxASWg21fLsPhn3ngPKZE5RnfakCQKg==",
            "license": "MIT",
            "dependencies": {
                "@simplewebauthn/browser": "^13.0.0"
            },
            "engines": {
                "node": ">=20.19.0"
            },
            "peerDependencies": {
                "react": "^18.0.0 || ^19.0.0",
                "svelte": "^5.0.0",
                "vue": "^3.0.0"
            },
            "peerDependenciesMeta": {
                "react": {
                    "optional": true
                },
                "svelte": {
                    "optional": true
                },
                "vue": {
                    "optional": true
                }
            }
        },
        "node_modules/@simplewebauthn/browser": {
            "version": "13.3.0",
            "resolved": "https://registry.npmjs.org/@simplewebauthn/browser/-/browser-13.3.0.tgz",
            "integrity": "sha512-BE/UWv6FOToAdVk0EokzkqQQDOWtNydYlY6+OrmiZ5SCNmb41VehttboTetUM3T/fr6EAFYVXjz4My2wg230rQ==",
            "license": "MIT"
        }
    }
}
